
Microsoft Visual Studio Solution File, Format Version 12.00
# Visual Studio Version 17
VisualStudioVersion = 17.8.34511.84
MinimumVisualStudioVersion = 10.0.40219.1
Project("{9A19103F-16F7-4668-BE54-9A1E7A4F7556}") = "BFL.App", "BFL.App\BFL.App.csproj", "{F7730FBA-BFF6-4E20-BF3E-84979C50A5C5}"
EndProject
Project("{9A19103F-16F7-4668-BE54-9A1E7A4F7556}") = "Importer.Console", "Importer.Console\Importer.Console.csproj", "{FD4DB284-FA7D-44BE-A818-7DECD5EDE549}"
EndProject
Project("{FAE04EC0-301F-11D3-BF4B-00C04F79EFBC}") = "BFL.Data", "BFL.Data\BFL.Data.csproj", "{79B08631-F35C-46A0-A714-C1A0D4E3B01E}"
EndProject
Global
	GlobalSection(SolutionConfigurationPlatforms) = preSolution
		Debug|Any CPU = Debug|Any CPU
		Release|Any CPU = Release|Any CPU
	EndGlobalSection
	GlobalSection(ProjectConfigurationPlatforms) = postSolution
		{F7730FBA-BFF6-4E20-BF3E-84979C50A5C5}.Debug|Any CPU.ActiveCfg = Debug|Any CPU
		{F7730FBA-BFF6-4E20-BF3E-84979C50A5C5}.Debug|Any CPU.Build.0 = Debug|Any CPU
		{F7730FBA-BFF6-4E20-BF3E-84979C50A5C5}.Debug|Any CPU.Deploy.0 = Debug|Any CPU
		{F7730FBA-BFF6-4E20-BF3E-84979C50A5C5}.Release|Any CPU.ActiveCfg = Release|Any CPU
		{F7730FBA-BFF6-4E20-BF3E-84979C50A5C5}.Release|Any CPU.Build.0 = Release|Any CPU
		{F7730FBA-BFF6-4E20-BF3E-84979C50A5C5}.Release|Any CPU.Deploy.0 = Release|Any CPU
		{FD4DB284-FA7D-44BE-A818-7DECD5EDE549}.Debug|Any CPU.ActiveCfg = Debug|Any CPU
		{FD4DB284-FA7D-44BE-A818-7DECD5EDE549}.Debug|Any CPU.Build.0 = Debug|Any CPU
		{FD4DB284-FA7D-44BE-A818-7DECD5EDE549}.Release|Any CPU.ActiveCfg = Release|Any CPU
		{FD4DB284-FA7D-44BE-A818-7DECD5EDE549}.Release|Any CPU.Build.0 = Release|Any CPU
		{79B08631-F35C-46A0-A714-C1A0D4E3B01E}.Debug|Any CPU.ActiveCfg = Debug|Any CPU
		{79B08631-F35C-46A0-A714-C1A0D4E3B01E}.Debug|Any CPU.Build.0 = Debug|Any CPU
		{79B08631-F35C-46A0-A714-C1A0D4E3B01E}.Release|Any CPU.ActiveCfg = Release|Any CPU
		{79B08631-F35C-46A0-A714-C1A0D4E3B01E}.Release|Any CPU.Build.0 = Release|Any CPU
	EndGlobalSection
	GlobalSection(SolutionProperties) = preSolution
		HideSolutionNode = FALSE
	EndGlobalSection
	GlobalSection(ExtensibilityGlobals) = postSolution
		SolutionGuid = {046F3FA1-669E-48AF-8308-DACFCD6B5B4F}
	EndGlobalSection
EndGlobal
