
Microsoft Visual Studio Solution File, Format Version 12.00
# Visual Studio Version 17
VisualStudioVersion = 17.8.34511.84
MinimumVisualStudioVersion = 10.0.40219.1
Project("{9A19103F-16F7-4668-BE54-9A1E7A4F7556}") = "BFN.Data", "BFN.Data\BFN.Data.csproj", "{3ABF6CB6-30C3-4188-982A-69ADBDF775BA}"
EndProject
Project("{9A19103F-16F7-4668-BE54-9A1E7A4F7556}") = "BFN.Console", "BFN.Console\BFN.Console.csproj", "{29BBBAE6-97FE-42EE-80EA-DC4D50F78B5C}"
EndProject
Project("{9A19103F-16F7-4668-BE54-9A1E7A4F7556}") = "BFN.Web", "BFN.Web\BFN.Web.csproj", "{E6B1C8A0-8A69-40A7-809D-7BA775D37CD4}"
EndProject
Project("{9A19103F-16F7-4668-BE54-9A1E7A4F7556}") = "BFN.App", "BFN.App\BFN.App.csproj", "{1537EF4C-CFE7-47AF-931E-D94739631487}"
EndProject
Project("{9A19103F-16F7-4668-BE54-9A1E7A4F7556}") = "Test.Console", "Test.Console\Test.Console.csproj", "{236ED57B-247C-4CA1-A800-E23941F39283}"
EndProject
Global
	GlobalSection(SolutionConfigurationPlatforms) = preSolution
		Debug|Any CPU = Debug|Any CPU
		Release|Any CPU = Release|Any CPU
	EndGlobalSection
	GlobalSection(ProjectConfigurationPlatforms) = postSolution
		{3ABF6CB6-30C3-4188-982A-69ADBDF775BA}.Debug|Any CPU.ActiveCfg = Debug|Any CPU
		{3ABF6CB6-30C3-4188-982A-69ADBDF775BA}.Debug|Any CPU.Build.0 = Debug|Any CPU
		{3ABF6CB6-30C3-4188-982A-69ADBDF775BA}.Release|Any CPU.ActiveCfg = Release|Any CPU
		{3ABF6CB6-30C3-4188-982A-69ADBDF775BA}.Release|Any CPU.Build.0 = Release|Any CPU
		{29BBBAE6-97FE-42EE-80EA-DC4D50F78B5C}.Debug|Any CPU.ActiveCfg = Debug|Any CPU
		{29BBBAE6-97FE-42EE-80EA-DC4D50F78B5C}.Debug|Any CPU.Build.0 = Debug|Any CPU
		{29BBBAE6-97FE-42EE-80EA-DC4D50F78B5C}.Release|Any CPU.ActiveCfg = Release|Any CPU
		{29BBBAE6-97FE-42EE-80EA-DC4D50F78B5C}.Release|Any CPU.Build.0 = Release|Any CPU
		{E6B1C8A0-8A69-40A7-809D-7BA775D37CD4}.Debug|Any CPU.ActiveCfg = Debug|Any CPU
		{E6B1C8A0-8A69-40A7-809D-7BA775D37CD4}.Debug|Any CPU.Build.0 = Debug|Any CPU
		{E6B1C8A0-8A69-40A7-809D-7BA775D37CD4}.Release|Any CPU.ActiveCfg = Release|Any CPU
		{E6B1C8A0-8A69-40A7-809D-7BA775D37CD4}.Release|Any CPU.Build.0 = Release|Any CPU
		{1537EF4C-CFE7-47AF-931E-D94739631487}.Debug|Any CPU.ActiveCfg = Debug|Any CPU
		{1537EF4C-CFE7-47AF-931E-D94739631487}.Debug|Any CPU.Build.0 = Debug|Any CPU
		{1537EF4C-CFE7-47AF-931E-D94739631487}.Debug|Any CPU.Deploy.0 = Debug|Any CPU
		{1537EF4C-CFE7-47AF-931E-D94739631487}.Release|Any CPU.ActiveCfg = Release|Any CPU
		{1537EF4C-CFE7-47AF-931E-D94739631487}.Release|Any CPU.Build.0 = Release|Any CPU
		{1537EF4C-CFE7-47AF-931E-D94739631487}.Release|Any CPU.Deploy.0 = Release|Any CPU
		{236ED57B-247C-4CA1-A800-E23941F39283}.Debug|Any CPU.ActiveCfg = Debug|Any CPU
		{236ED57B-247C-4CA1-A800-E23941F39283}.Debug|Any CPU.Build.0 = Debug|Any CPU
		{236ED57B-247C-4CA1-A800-E23941F39283}.Release|Any CPU.ActiveCfg = Release|Any CPU
		{236ED57B-247C-4CA1-A800-E23941F39283}.Release|Any CPU.Build.0 = Release|Any CPU
	EndGlobalSection
	GlobalSection(SolutionProperties) = preSolution
		HideSolutionNode = FALSE
	EndGlobalSection
	GlobalSection(ExtensibilityGlobals) = postSolution
		SolutionGuid = {046F3FA1-669E-48AF-8308-DACFCD6B5B4F}
	EndGlobalSection
EndGlobal
