
Microsoft Visual Studio Solution File, Format Version 12.00
# Visual Studio Version 17
VisualStudioVersion = 17.8.34511.84
MinimumVisualStudioVersion = 10.0.40219.1
Project("{9A19103F-16F7-4668-BE54-9A1E7A4F7556}") = "BFN.App", "BFN.App\BFN.App.csproj", "{A99D05BD-4348-47D3-AD29-42B5A44CE73E}"
EndProject
Project("{9A19103F-16F7-4668-BE54-9A1E7A4F7556}") = "BFN.Data", "BFN.Data\BFN.Data.csproj", "{3ABF6CB6-30C3-4188-982A-69ADBDF775BA}"
EndProject
Project("{9A19103F-16F7-4668-BE54-9A1E7A4F7556}") = "BFN.Console", "BFN.Console\BFN.Console.csproj", "{29BBBAE6-97FE-42EE-80EA-DC4D50F78B5C}"
EndProject
Global
	GlobalSection(SolutionConfigurationPlatforms) = preSolution
		Debug|Any CPU = Debug|Any CPU
		Release|Any CPU = Release|Any CPU
	EndGlobalSection
	GlobalSection(ProjectConfigurationPlatforms) = postSolution
		{A99D05BD-4348-47D3-AD29-42B5A44CE73E}.Debug|Any CPU.ActiveCfg = Debug|Any CPU
		{A99D05BD-4348-47D3-AD29-42B5A44CE73E}.Debug|Any CPU.Build.0 = Debug|Any CPU
		{A99D05BD-4348-47D3-AD29-42B5A44CE73E}.Debug|Any CPU.Deploy.0 = Debug|Any CPU
		{A99D05BD-4348-47D3-AD29-42B5A44CE73E}.Release|Any CPU.ActiveCfg = Release|Any CPU
		{A99D05BD-4348-47D3-AD29-42B5A44CE73E}.Release|Any CPU.Build.0 = Release|Any CPU
		{A99D05BD-4348-47D3-AD29-42B5A44CE73E}.Release|Any CPU.Deploy.0 = Release|Any CPU
		{3ABF6CB6-30C3-4188-982A-69ADBDF775BA}.Debug|Any CPU.ActiveCfg = Debug|Any CPU
		{3ABF6CB6-30C3-4188-982A-69ADBDF775BA}.Debug|Any CPU.Build.0 = Debug|Any CPU
		{3ABF6CB6-30C3-4188-982A-69ADBDF775BA}.Release|Any CPU.ActiveCfg = Release|Any CPU
		{3ABF6CB6-30C3-4188-982A-69ADBDF775BA}.Release|Any CPU.Build.0 = Release|Any CPU
		{29BBBAE6-97FE-42EE-80EA-DC4D50F78B5C}.Debug|Any CPU.ActiveCfg = Debug|Any CPU
		{29BBBAE6-97FE-42EE-80EA-DC4D50F78B5C}.Debug|Any CPU.Build.0 = Debug|Any CPU
		{29BBBAE6-97FE-42EE-80EA-DC4D50F78B5C}.Release|Any CPU.ActiveCfg = Release|Any CPU
		{29BBBAE6-97FE-42EE-80EA-DC4D50F78B5C}.Release|Any CPU.Build.0 = Release|Any CPU
	EndGlobalSection
	GlobalSection(SolutionProperties) = preSolution
		HideSolutionNode = FALSE
	EndGlobalSection
	GlobalSection(ExtensibilityGlobals) = postSolution
		SolutionGuid = {046F3FA1-669E-48AF-8308-DACFCD6B5B4F}
	EndGlobalSection
EndGlobal
